
Microsoft Visual Studio Solution File, Format Version 12.00
# Visual Studio Version 16
VisualStudioVersion = 16.0.30011.22
MinimumVisualStudioVersion = 10.0.40219.1
Project("{9A19103F-16F7-4668-BE54-9A1E7A4F7556}") = "BlazorContacts.Server", "BlazorContacts.Server\BlazorContacts.Server.csproj", "{17350983-7A9B-40C6-8397-AA65CED02F53}"
EndProject
Project("{9A19103F-16F7-4668-BE54-9A1E7A4F7556}") = "Entities", "Entities\Entities.csproj", "{2FFE7184-30A3-45FE-ABBC-88EB0A730186}"
EndProject
Project("{9A19103F-16F7-4668-BE54-9A1E7A4F7556}") = "Lucene.Net.Store.Azure", "Lucene.Net.Store.Azure\Lucene.Net.Store.Azure.csproj", "{A2226AB6-3D7A-4F46-A7CB-6866BDBE0049}"
EndProject
Project("{FAE04EC0-301F-11D3-BF4B-00C04F79EFBC}") = "BlazorContacts.Server.Tests", "BlazorContacts.Server.Tests\BlazorContacts.Server.Tests.csproj", "{B1239451-7223-456C-8E7A-27B595D63360}"
EndProject
Global
	GlobalSection(SolutionConfigurationPlatforms) = preSolution
		Debug|Any CPU = Debug|Any CPU
		Release|Any CPU = Release|Any CPU
	EndGlobalSection
	GlobalSection(ProjectConfigurationPlatforms) = postSolution
		{17350983-7A9B-40C6-8397-AA65CED02F53}.Debug|Any CPU.ActiveCfg = Debug|Any CPU
		{17350983-7A9B-40C6-8397-AA65CED02F53}.Debug|Any CPU.Build.0 = Debug|Any CPU
		{17350983-7A9B-40C6-8397-AA65CED02F53}.Release|Any CPU.ActiveCfg = Release|Any CPU
		{17350983-7A9B-40C6-8397-AA65CED02F53}.Release|Any CPU.Build.0 = Release|Any CPU
		{2FFE7184-30A3-45FE-ABBC-88EB0A730186}.Debug|Any CPU.ActiveCfg = Debug|Any CPU
		{2FFE7184-30A3-45FE-ABBC-88EB0A730186}.Debug|Any CPU.Build.0 = Debug|Any CPU
		{2FFE7184-30A3-45FE-ABBC-88EB0A730186}.Release|Any CPU.ActiveCfg = Release|Any CPU
		{2FFE7184-30A3-45FE-ABBC-88EB0A730186}.Release|Any CPU.Build.0 = Release|Any CPU
		{A2226AB6-3D7A-4F46-A7CB-6866BDBE0049}.Debug|Any CPU.ActiveCfg = Debug|Any CPU
		{A2226AB6-3D7A-4F46-A7CB-6866BDBE0049}.Debug|Any CPU.Build.0 = Debug|Any CPU
		{A2226AB6-3D7A-4F46-A7CB-6866BDBE0049}.Release|Any CPU.ActiveCfg = Release|Any CPU
		{A2226AB6-3D7A-4F46-A7CB-6866BDBE0049}.Release|Any CPU.Build.0 = Release|Any CPU
		{B1239451-7223-456C-8E7A-27B595D63360}.Debug|Any CPU.ActiveCfg = Debug|Any CPU
		{B1239451-7223-456C-8E7A-27B595D63360}.Debug|Any CPU.Build.0 = Debug|Any CPU
		{B1239451-7223-456C-8E7A-27B595D63360}.Release|Any CPU.ActiveCfg = Release|Any CPU
		{B1239451-7223-456C-8E7A-27B595D63360}.Release|Any CPU.Build.0 = Release|Any CPU
	EndGlobalSection
	GlobalSection(SolutionProperties) = preSolution
		HideSolutionNode = FALSE
	EndGlobalSection
	GlobalSection(ExtensibilityGlobals) = postSolution
		SolutionGuid = {6CE08909-FA6A-4FD4-A4F6-2D6584400B07}
	EndGlobalSection
EndGlobal
